
Microsoft Visual Studio Solution File, Format Version 10.00
# Visual Studio 2008
Project("{FAE04EC0-301F-11D3-BF4B-00C04F79EFBC}") = "XNAPerformanceChecker", "XNAPerformanceChecker\XNAPerformanceChecker.csproj", "{2B96445B-6FCA-4FB4-A1B0-6C23CFDCCC97}"
EndProject
Project("{FAE04EC0-301F-11D3-BF4B-00C04F79EFBC}") = "XNAPerfStarter", "XNAPerfStarter\XNAPerfStarter.csproj", "{E1DDCF88-E5C6-49ED-9D06-4371505BA9DA}"
EndProject
Global
	GlobalSection(SolutionConfigurationPlatforms) = preSolution
		Debug|Any CPU = Debug|Any CPU
		Debug|Mixed Platforms = Debug|Mixed Platforms
		Debug|x86 = Debug|x86
		Release|Any CPU = Release|Any CPU
		Release|Mixed Platforms = Release|Mixed Platforms
		Release|x86 = Release|x86
	EndGlobalSection
	GlobalSection(ProjectConfigurationPlatforms) = postSolution
		{2B96445B-6FCA-4FB4-A1B0-6C23CFDCCC97}.Debug|Any CPU.ActiveCfg = Debug|x86
		{2B96445B-6FCA-4FB4-A1B0-6C23CFDCCC97}.Debug|Mixed Platforms.ActiveCfg = Debug|x86
		{2B96445B-6FCA-4FB4-A1B0-6C23CFDCCC97}.Debug|Mixed Platforms.Build.0 = Debug|x86
		{2B96445B-6FCA-4FB4-A1B0-6C23CFDCCC97}.Debug|x86.ActiveCfg = Debug|x86
		{2B96445B-6FCA-4FB4-A1B0-6C23CFDCCC97}.Debug|x86.Build.0 = Debug|x86
		{2B96445B-6FCA-4FB4-A1B0-6C23CFDCCC97}.Release|Any CPU.ActiveCfg = Release|x86
		{2B96445B-6FCA-4FB4-A1B0-6C23CFDCCC97}.Release|Mixed Platforms.ActiveCfg = Release|x86
		{2B96445B-6FCA-4FB4-A1B0-6C23CFDCCC97}.Release|Mixed Platforms.Build.0 = Release|x86
		{2B96445B-6FCA-4FB4-A1B0-6C23CFDCCC97}.Release|x86.ActiveCfg = Release|x86
		{2B96445B-6FCA-4FB4-A1B0-6C23CFDCCC97}.Release|x86.Build.0 = Release|x86
		{EBDE481B-D30D-485A-AFD5-C49CD679AFA9}.Debug|Any CPU.ActiveCfg = Debug|x86
		{EBDE481B-D30D-485A-AFD5-C49CD679AFA9}.Debug|Mixed Platforms.ActiveCfg = Debug|x86
		{EBDE481B-D30D-485A-AFD5-C49CD679AFA9}.Debug|x86.ActiveCfg = Debug|x86
		{EBDE481B-D30D-485A-AFD5-C49CD679AFA9}.Release|Any CPU.ActiveCfg = Release|x86
		{EBDE481B-D30D-485A-AFD5-C49CD679AFA9}.Release|Mixed Platforms.ActiveCfg = Release|x86
		{EBDE481B-D30D-485A-AFD5-C49CD679AFA9}.Release|x86.ActiveCfg = Release|x86
		{E1DDCF88-E5C6-49ED-9D06-4371505BA9DA}.Debug|Any CPU.ActiveCfg = Debug|Any CPU
		{E1DDCF88-E5C6-49ED-9D06-4371505BA9DA}.Debug|Any CPU.Build.0 = Debug|Any CPU
		{E1DDCF88-E5C6-49ED-9D06-4371505BA9DA}.Debug|Mixed Platforms.ActiveCfg = Debug|Any CPU
		{E1DDCF88-E5C6-49ED-9D06-4371505BA9DA}.Debug|Mixed Platforms.Build.0 = Debug|Any CPU
		{E1DDCF88-E5C6-49ED-9D06-4371505BA9DA}.Debug|x86.ActiveCfg = Debug|Any CPU
		{E1DDCF88-E5C6-49ED-9D06-4371505BA9DA}.Release|Any CPU.ActiveCfg = Release|Any CPU
		{E1DDCF88-E5C6-49ED-9D06-4371505BA9DA}.Release|Any CPU.Build.0 = Release|Any CPU
		{E1DDCF88-E5C6-49ED-9D06-4371505BA9DA}.Release|Mixed Platforms.ActiveCfg = Release|Any CPU
		{E1DDCF88-E5C6-49ED-9D06-4371505BA9DA}.Release|Mixed Platforms.Build.0 = Release|Any CPU
		{E1DDCF88-E5C6-49ED-9D06-4371505BA9DA}.Release|x86.ActiveCfg = Release|Any CPU
	EndGlobalSection
	GlobalSection(SolutionProperties) = preSolution
		HideSolutionNode = FALSE
	EndGlobalSection
EndGlobal
