
Microsoft Visual Studio Solution File, Format Version 10.00
# Visual Studio 2008
Project("{FAE04EC0-301F-11D3-BF4B-00C04F79EFBC}") = "SimpleGame", "SimpleGame\SimpleGame.csproj", "{1D9CC385-1061-4D43-9544-021463D56F6E}"
EndProject
Project("{FAE04EC0-301F-11D3-BF4B-00C04F79EFBC}") = "XELibrary", "..\XELibrary\XELibrary.csproj", "{70692F15-291E-4F6E-89B0-582F23EFDA69}"
EndProject
Project("{FAE04EC0-301F-11D3-BF4B-00C04F79EFBC}") = "XELibrary_Xbox360", "..\XELibrary\XELibrary_Xbox360.csproj", "{37CBBDD6-EB59-4119-93A8-5D09B52036F0}"
EndProject
Project("{FAE04EC0-301F-11D3-BF4B-00C04F79EFBC}") = "SimpleGame_Xbox360", "SimpleGame\SimpleGame_Xbox360.csproj", "{FFC4A1EC-AC6E-486F-9646-4A2A9903461F}"
EndProject
Global
	GlobalSection(SolutionConfigurationPlatforms) = preSolution
		Debug|Mixed Platforms = Debug|Mixed Platforms
		Debug|x86 = Debug|x86
		Debug|Xbox 360 = Debug|Xbox 360
		Release|Mixed Platforms = Release|Mixed Platforms
		Release|x86 = Release|x86
		Release|Xbox 360 = Release|Xbox 360
	EndGlobalSection
	GlobalSection(ProjectConfigurationPlatforms) = postSolution
		{1D9CC385-1061-4D43-9544-021463D56F6E}.Debug|Mixed Platforms.ActiveCfg = Debug|x86
		{1D9CC385-1061-4D43-9544-021463D56F6E}.Debug|x86.ActiveCfg = Debug|x86
		{1D9CC385-1061-4D43-9544-021463D56F6E}.Debug|x86.Build.0 = Debug|x86
		{1D9CC385-1061-4D43-9544-021463D56F6E}.Debug|Xbox 360.ActiveCfg = Debug|x86
		{1D9CC385-1061-4D43-9544-021463D56F6E}.Release|Mixed Platforms.ActiveCfg = Release|x86
		{1D9CC385-1061-4D43-9544-021463D56F6E}.Release|x86.ActiveCfg = Release|x86
		{1D9CC385-1061-4D43-9544-021463D56F6E}.Release|x86.Build.0 = Release|x86
		{1D9CC385-1061-4D43-9544-021463D56F6E}.Release|Xbox 360.ActiveCfg = Release|x86
		{70692F15-291E-4F6E-89B0-582F23EFDA69}.Debug|Mixed Platforms.ActiveCfg = Debug|x86
		{70692F15-291E-4F6E-89B0-582F23EFDA69}.Debug|Mixed Platforms.Build.0 = Debug|x86
		{70692F15-291E-4F6E-89B0-582F23EFDA69}.Debug|x86.ActiveCfg = Debug|x86
		{70692F15-291E-4F6E-89B0-582F23EFDA69}.Debug|x86.Build.0 = Debug|x86
		{70692F15-291E-4F6E-89B0-582F23EFDA69}.Debug|Xbox 360.ActiveCfg = Debug|x86
		{70692F15-291E-4F6E-89B0-582F23EFDA69}.Release|Mixed Platforms.ActiveCfg = Release|x86
		{70692F15-291E-4F6E-89B0-582F23EFDA69}.Release|Mixed Platforms.Build.0 = Release|x86
		{70692F15-291E-4F6E-89B0-582F23EFDA69}.Release|x86.ActiveCfg = Release|x86
		{70692F15-291E-4F6E-89B0-582F23EFDA69}.Release|x86.Build.0 = Release|x86
		{70692F15-291E-4F6E-89B0-582F23EFDA69}.Release|Xbox 360.ActiveCfg = Release|x86
		{37CBBDD6-EB59-4119-93A8-5D09B52036F0}.Debug|Mixed Platforms.ActiveCfg = Debug|Xbox 360
		{37CBBDD6-EB59-4119-93A8-5D09B52036F0}.Debug|Mixed Platforms.Build.0 = Debug|Xbox 360
		{37CBBDD6-EB59-4119-93A8-5D09B52036F0}.Debug|x86.ActiveCfg = Debug|Xbox 360
		{37CBBDD6-EB59-4119-93A8-5D09B52036F0}.Debug|Xbox 360.ActiveCfg = Debug|Xbox 360
		{37CBBDD6-EB59-4119-93A8-5D09B52036F0}.Debug|Xbox 360.Build.0 = Debug|Xbox 360
		{37CBBDD6-EB59-4119-93A8-5D09B52036F0}.Release|Mixed Platforms.ActiveCfg = Release|Xbox 360
		{37CBBDD6-EB59-4119-93A8-5D09B52036F0}.Release|Mixed Platforms.Build.0 = Release|Xbox 360
		{37CBBDD6-EB59-4119-93A8-5D09B52036F0}.Release|x86.ActiveCfg = Release|Xbox 360
		{37CBBDD6-EB59-4119-93A8-5D09B52036F0}.Release|Xbox 360.ActiveCfg = Release|Xbox 360
		{37CBBDD6-EB59-4119-93A8-5D09B52036F0}.Release|Xbox 360.Build.0 = Release|Xbox 360
		{FFC4A1EC-AC6E-486F-9646-4A2A9903461F}.Debug|Mixed Platforms.ActiveCfg = Debug|Xbox 360
		{FFC4A1EC-AC6E-486F-9646-4A2A9903461F}.Debug|Mixed Platforms.Build.0 = Debug|Xbox 360
		{FFC4A1EC-AC6E-486F-9646-4A2A9903461F}.Debug|Mixed Platforms.Deploy.0 = Debug|Xbox 360
		{FFC4A1EC-AC6E-486F-9646-4A2A9903461F}.Debug|x86.ActiveCfg = Debug|Xbox 360
		{FFC4A1EC-AC6E-486F-9646-4A2A9903461F}.Debug|Xbox 360.ActiveCfg = Debug|Xbox 360
		{FFC4A1EC-AC6E-486F-9646-4A2A9903461F}.Debug|Xbox 360.Build.0 = Debug|Xbox 360
		{FFC4A1EC-AC6E-486F-9646-4A2A9903461F}.Debug|Xbox 360.Deploy.0 = Debug|Xbox 360
		{FFC4A1EC-AC6E-486F-9646-4A2A9903461F}.Release|Mixed Platforms.ActiveCfg = Release|Xbox 360
		{FFC4A1EC-AC6E-486F-9646-4A2A9903461F}.Release|Mixed Platforms.Build.0 = Release|Xbox 360
		{FFC4A1EC-AC6E-486F-9646-4A2A9903461F}.Release|Mixed Platforms.Deploy.0 = Release|Xbox 360
		{FFC4A1EC-AC6E-486F-9646-4A2A9903461F}.Release|x86.ActiveCfg = Release|Xbox 360
		{FFC4A1EC-AC6E-486F-9646-4A2A9903461F}.Release|Xbox 360.ActiveCfg = Release|Xbox 360
		{FFC4A1EC-AC6E-486F-9646-4A2A9903461F}.Release|Xbox 360.Build.0 = Release|Xbox 360
		{FFC4A1EC-AC6E-486F-9646-4A2A9903461F}.Release|Xbox 360.Deploy.0 = Release|Xbox 360
		{0F32C841-BB91-4DD6-9113-AF093151C445}.Debug|Mixed Platforms.ActiveCfg = Debug|x86
		{0F32C841-BB91-4DD6-9113-AF093151C445}.Debug|x86.ActiveCfg = Debug|x86
		{0F32C841-BB91-4DD6-9113-AF093151C445}.Debug|Xbox 360.ActiveCfg = Debug|x86
		{0F32C841-BB91-4DD6-9113-AF093151C445}.Release|Mixed Platforms.ActiveCfg = Release|x86
		{0F32C841-BB91-4DD6-9113-AF093151C445}.Release|x86.ActiveCfg = Release|x86
		{0F32C841-BB91-4DD6-9113-AF093151C445}.Release|Xbox 360.ActiveCfg = Release|x86
		{86A66BDD-7619-4499-BA6E-8B49D40CE1EF}.Debug|Mixed Platforms.ActiveCfg = Debug|x86
		{86A66BDD-7619-4499-BA6E-8B49D40CE1EF}.Debug|x86.ActiveCfg = Debug|x86
		{86A66BDD-7619-4499-BA6E-8B49D40CE1EF}.Debug|Xbox 360.ActiveCfg = Debug|x86
		{86A66BDD-7619-4499-BA6E-8B49D40CE1EF}.Release|Mixed Platforms.ActiveCfg = Release|x86
		{86A66BDD-7619-4499-BA6E-8B49D40CE1EF}.Release|x86.ActiveCfg = Release|x86
		{86A66BDD-7619-4499-BA6E-8B49D40CE1EF}.Release|Xbox 360.ActiveCfg = Release|x86
	EndGlobalSection
	GlobalSection(SolutionProperties) = preSolution
		HideSolutionNode = FALSE
	EndGlobalSection
EndGlobal
