
Microsoft Visual Studio Solution File, Format Version 10.00
# Visual Studio 2008
Project("{FAE04EC0-301F-11D3-BF4B-00C04F79EFBC}") = "TunnelVision", "TunnelVision\TunnelVision.csproj", "{4A900F6E-5A50-4E3F-8B55-EA5AFFBD4883}"
EndProject
Project("{FAE04EC0-301F-11D3-BF4B-00C04F79EFBC}") = "XELibrary", "..\XELibrary\XELibrary.csproj", "{70692F15-291E-4F6E-89B0-582F23EFDA69}"
EndProject
Project("{FAE04EC0-301F-11D3-BF4B-00C04F79EFBC}") = "XELibrary_Xbox360", "..\XELibrary\XELibrary_Xbox360.csproj", "{9DA4FBC2-ADA5-4B24-9DCE-7CFCD9182082}"
EndProject
Project("{FAE04EC0-301F-11D3-BF4B-00C04F79EFBC}") = "TunnelVision_Xbox360", "TunnelVision\TunnelVision_Xbox360.csproj", "{B47B4026-7A8F-4808-BE5A-6D021ADFB448}"
EndProject
Global
	GlobalSection(SolutionConfigurationPlatforms) = preSolution
		Debug|Mixed Platforms = Debug|Mixed Platforms
		Debug|x86 = Debug|x86
		Debug|Xbox 360 = Debug|Xbox 360
		Release|Mixed Platforms = Release|Mixed Platforms
		Release|x86 = Release|x86
		Release|Xbox 360 = Release|Xbox 360
	EndGlobalSection
	GlobalSection(ProjectConfigurationPlatforms) = postSolution
		{4A900F6E-5A50-4E3F-8B55-EA5AFFBD4883}.Debug|Mixed Platforms.ActiveCfg = Debug|x86
		{4A900F6E-5A50-4E3F-8B55-EA5AFFBD4883}.Debug|Mixed Platforms.Build.0 = Debug|x86
		{4A900F6E-5A50-4E3F-8B55-EA5AFFBD4883}.Debug|x86.ActiveCfg = Debug|x86
		{4A900F6E-5A50-4E3F-8B55-EA5AFFBD4883}.Debug|x86.Build.0 = Debug|x86
		{4A900F6E-5A50-4E3F-8B55-EA5AFFBD4883}.Debug|Xbox 360.ActiveCfg = Debug|x86
		{4A900F6E-5A50-4E3F-8B55-EA5AFFBD4883}.Release|Mixed Platforms.ActiveCfg = Release|x86
		{4A900F6E-5A50-4E3F-8B55-EA5AFFBD4883}.Release|Mixed Platforms.Build.0 = Release|x86
		{4A900F6E-5A50-4E3F-8B55-EA5AFFBD4883}.Release|x86.ActiveCfg = Release|x86
		{4A900F6E-5A50-4E3F-8B55-EA5AFFBD4883}.Release|x86.Build.0 = Release|x86
		{4A900F6E-5A50-4E3F-8B55-EA5AFFBD4883}.Release|Xbox 360.ActiveCfg = Release|x86
		{70692F15-291E-4F6E-89B0-582F23EFDA69}.Debug|Mixed Platforms.ActiveCfg = Debug|x86
		{70692F15-291E-4F6E-89B0-582F23EFDA69}.Debug|Mixed Platforms.Build.0 = Debug|x86
		{70692F15-291E-4F6E-89B0-582F23EFDA69}.Debug|x86.ActiveCfg = Debug|x86
		{70692F15-291E-4F6E-89B0-582F23EFDA69}.Debug|x86.Build.0 = Debug|x86
		{70692F15-291E-4F6E-89B0-582F23EFDA69}.Debug|Xbox 360.ActiveCfg = Debug|x86
		{70692F15-291E-4F6E-89B0-582F23EFDA69}.Release|Mixed Platforms.ActiveCfg = Release|x86
		{70692F15-291E-4F6E-89B0-582F23EFDA69}.Release|Mixed Platforms.Build.0 = Release|x86
		{70692F15-291E-4F6E-89B0-582F23EFDA69}.Release|x86.ActiveCfg = Release|x86
		{70692F15-291E-4F6E-89B0-582F23EFDA69}.Release|x86.Build.0 = Release|x86
		{70692F15-291E-4F6E-89B0-582F23EFDA69}.Release|Xbox 360.ActiveCfg = Release|x86
		{9DA4FBC2-ADA5-4B24-9DCE-7CFCD9182082}.Debug|Mixed Platforms.ActiveCfg = Debug|Xbox 360
		{9DA4FBC2-ADA5-4B24-9DCE-7CFCD9182082}.Debug|Mixed Platforms.Build.0 = Debug|Xbox 360
		{9DA4FBC2-ADA5-4B24-9DCE-7CFCD9182082}.Debug|x86.ActiveCfg = Debug|Xbox 360
		{9DA4FBC2-ADA5-4B24-9DCE-7CFCD9182082}.Debug|Xbox 360.ActiveCfg = Debug|Xbox 360
		{9DA4FBC2-ADA5-4B24-9DCE-7CFCD9182082}.Debug|Xbox 360.Build.0 = Debug|Xbox 360
		{9DA4FBC2-ADA5-4B24-9DCE-7CFCD9182082}.Release|Mixed Platforms.ActiveCfg = Release|Xbox 360
		{9DA4FBC2-ADA5-4B24-9DCE-7CFCD9182082}.Release|Mixed Platforms.Build.0 = Release|Xbox 360
		{9DA4FBC2-ADA5-4B24-9DCE-7CFCD9182082}.Release|x86.ActiveCfg = Release|Xbox 360
		{9DA4FBC2-ADA5-4B24-9DCE-7CFCD9182082}.Release|Xbox 360.ActiveCfg = Release|Xbox 360
		{9DA4FBC2-ADA5-4B24-9DCE-7CFCD9182082}.Release|Xbox 360.Build.0 = Release|Xbox 360
		{B47B4026-7A8F-4808-BE5A-6D021ADFB448}.Debug|Mixed Platforms.ActiveCfg = Debug|Xbox 360
		{B47B4026-7A8F-4808-BE5A-6D021ADFB448}.Debug|Mixed Platforms.Build.0 = Debug|Xbox 360
		{B47B4026-7A8F-4808-BE5A-6D021ADFB448}.Debug|Mixed Platforms.Deploy.0 = Debug|Xbox 360
		{B47B4026-7A8F-4808-BE5A-6D021ADFB448}.Debug|x86.ActiveCfg = Debug|Xbox 360
		{B47B4026-7A8F-4808-BE5A-6D021ADFB448}.Debug|Xbox 360.ActiveCfg = Debug|Xbox 360
		{B47B4026-7A8F-4808-BE5A-6D021ADFB448}.Debug|Xbox 360.Build.0 = Debug|Xbox 360
		{B47B4026-7A8F-4808-BE5A-6D021ADFB448}.Debug|Xbox 360.Deploy.0 = Debug|Xbox 360
		{B47B4026-7A8F-4808-BE5A-6D021ADFB448}.Release|Mixed Platforms.ActiveCfg = Release|Xbox 360
		{B47B4026-7A8F-4808-BE5A-6D021ADFB448}.Release|Mixed Platforms.Build.0 = Release|Xbox 360
		{B47B4026-7A8F-4808-BE5A-6D021ADFB448}.Release|Mixed Platforms.Deploy.0 = Release|Xbox 360
		{B47B4026-7A8F-4808-BE5A-6D021ADFB448}.Release|x86.ActiveCfg = Release|Xbox 360
		{B47B4026-7A8F-4808-BE5A-6D021ADFB448}.Release|Xbox 360.ActiveCfg = Release|Xbox 360
		{B47B4026-7A8F-4808-BE5A-6D021ADFB448}.Release|Xbox 360.Build.0 = Release|Xbox 360
		{B47B4026-7A8F-4808-BE5A-6D021ADFB448}.Release|Xbox 360.Deploy.0 = Release|Xbox 360
		{2469EF1B-45DE-47EB-AD9A-D8D01AF07AE2}.Debug|Mixed Platforms.ActiveCfg = Debug|x86
		{2469EF1B-45DE-47EB-AD9A-D8D01AF07AE2}.Debug|x86.ActiveCfg = Debug|x86
		{2469EF1B-45DE-47EB-AD9A-D8D01AF07AE2}.Debug|Xbox 360.ActiveCfg = Debug|x86
		{2469EF1B-45DE-47EB-AD9A-D8D01AF07AE2}.Release|Mixed Platforms.ActiveCfg = Release|x86
		{2469EF1B-45DE-47EB-AD9A-D8D01AF07AE2}.Release|x86.ActiveCfg = Release|x86
		{2469EF1B-45DE-47EB-AD9A-D8D01AF07AE2}.Release|Xbox 360.ActiveCfg = Release|x86
		{86A66BDD-7619-4499-BA6E-8B49D40CE1EF}.Debug|Mixed Platforms.ActiveCfg = Debug|x86
		{86A66BDD-7619-4499-BA6E-8B49D40CE1EF}.Debug|x86.ActiveCfg = Debug|x86
		{86A66BDD-7619-4499-BA6E-8B49D40CE1EF}.Debug|Xbox 360.ActiveCfg = Debug|x86
		{86A66BDD-7619-4499-BA6E-8B49D40CE1EF}.Release|Mixed Platforms.ActiveCfg = Release|x86
		{86A66BDD-7619-4499-BA6E-8B49D40CE1EF}.Release|x86.ActiveCfg = Release|x86
		{86A66BDD-7619-4499-BA6E-8B49D40CE1EF}.Release|Xbox 360.ActiveCfg = Release|x86
	EndGlobalSection
	GlobalSection(SolutionProperties) = preSolution
		HideSolutionNode = FALSE
	EndGlobalSection
EndGlobal
