
Microsoft Visual Studio Solution File, Format Version 10.00
# Visual Studio 2008
Project("{FAE04EC0-301F-11D3-BF4B-00C04F79EFBC}") = "AIDemo", "AIDemo\AIDemo.csproj", "{7C93E00F-17B1-4E4E-A7B7-444E8C488835}"
EndProject
Project("{FAE04EC0-301F-11D3-BF4B-00C04F79EFBC}") = "XELibrary", "..\XELibrary\XELibrary.csproj", "{70692F15-291E-4F6E-89B0-582F23EFDA69}"
EndProject
Project("{FAE04EC0-301F-11D3-BF4B-00C04F79EFBC}") = "XELibrary_Xbox360", "..\XELibrary\XELibrary_Xbox360.csproj", "{D3517B53-6648-4885-960F-8379D07D48F2}"
EndProject
Project("{FAE04EC0-301F-11D3-BF4B-00C04F79EFBC}") = "AIDemo_Xbox360", "AIDemo\AIDemo_Xbox360.csproj", "{23AD10FA-5FBA-4062-87BD-D3EA200DDE8E}"
EndProject
Global
	GlobalSection(SolutionConfigurationPlatforms) = preSolution
		Debug|Mixed Platforms = Debug|Mixed Platforms
		Debug|x86 = Debug|x86
		Debug|Xbox 360 = Debug|Xbox 360
		Release|Mixed Platforms = Release|Mixed Platforms
		Release|x86 = Release|x86
		Release|Xbox 360 = Release|Xbox 360
	EndGlobalSection
	GlobalSection(ProjectConfigurationPlatforms) = postSolution
		{7C93E00F-17B1-4E4E-A7B7-444E8C488835}.Debug|Mixed Platforms.ActiveCfg = Debug|x86
		{7C93E00F-17B1-4E4E-A7B7-444E8C488835}.Debug|Mixed Platforms.Build.0 = Debug|x86
		{7C93E00F-17B1-4E4E-A7B7-444E8C488835}.Debug|x86.ActiveCfg = Debug|x86
		{7C93E00F-17B1-4E4E-A7B7-444E8C488835}.Debug|x86.Build.0 = Debug|x86
		{7C93E00F-17B1-4E4E-A7B7-444E8C488835}.Debug|Xbox 360.ActiveCfg = Debug|x86
		{7C93E00F-17B1-4E4E-A7B7-444E8C488835}.Release|Mixed Platforms.ActiveCfg = Release|x86
		{7C93E00F-17B1-4E4E-A7B7-444E8C488835}.Release|Mixed Platforms.Build.0 = Release|x86
		{7C93E00F-17B1-4E4E-A7B7-444E8C488835}.Release|x86.ActiveCfg = Release|x86
		{7C93E00F-17B1-4E4E-A7B7-444E8C488835}.Release|x86.Build.0 = Release|x86
		{7C93E00F-17B1-4E4E-A7B7-444E8C488835}.Release|Xbox 360.ActiveCfg = Release|x86
		{70692F15-291E-4F6E-89B0-582F23EFDA69}.Debug|Mixed Platforms.ActiveCfg = Debug|x86
		{70692F15-291E-4F6E-89B0-582F23EFDA69}.Debug|Mixed Platforms.Build.0 = Debug|x86
		{70692F15-291E-4F6E-89B0-582F23EFDA69}.Debug|x86.ActiveCfg = Debug|x86
		{70692F15-291E-4F6E-89B0-582F23EFDA69}.Debug|x86.Build.0 = Debug|x86
		{70692F15-291E-4F6E-89B0-582F23EFDA69}.Debug|Xbox 360.ActiveCfg = Debug|x86
		{70692F15-291E-4F6E-89B0-582F23EFDA69}.Release|Mixed Platforms.ActiveCfg = Release|x86
		{70692F15-291E-4F6E-89B0-582F23EFDA69}.Release|Mixed Platforms.Build.0 = Release|x86
		{70692F15-291E-4F6E-89B0-582F23EFDA69}.Release|x86.ActiveCfg = Release|x86
		{70692F15-291E-4F6E-89B0-582F23EFDA69}.Release|x86.Build.0 = Release|x86
		{70692F15-291E-4F6E-89B0-582F23EFDA69}.Release|Xbox 360.ActiveCfg = Release|x86
		{D3517B53-6648-4885-960F-8379D07D48F2}.Debug|Mixed Platforms.ActiveCfg = Debug|Xbox 360
		{D3517B53-6648-4885-960F-8379D07D48F2}.Debug|Mixed Platforms.Build.0 = Debug|Xbox 360
		{D3517B53-6648-4885-960F-8379D07D48F2}.Debug|x86.ActiveCfg = Debug|Xbox 360
		{D3517B53-6648-4885-960F-8379D07D48F2}.Debug|Xbox 360.ActiveCfg = Debug|Xbox 360
		{D3517B53-6648-4885-960F-8379D07D48F2}.Debug|Xbox 360.Build.0 = Debug|Xbox 360
		{D3517B53-6648-4885-960F-8379D07D48F2}.Release|Mixed Platforms.ActiveCfg = Release|Xbox 360
		{D3517B53-6648-4885-960F-8379D07D48F2}.Release|Mixed Platforms.Build.0 = Release|Xbox 360
		{D3517B53-6648-4885-960F-8379D07D48F2}.Release|x86.ActiveCfg = Release|Xbox 360
		{D3517B53-6648-4885-960F-8379D07D48F2}.Release|Xbox 360.ActiveCfg = Release|Xbox 360
		{D3517B53-6648-4885-960F-8379D07D48F2}.Release|Xbox 360.Build.0 = Release|Xbox 360
		{23AD10FA-5FBA-4062-87BD-D3EA200DDE8E}.Debug|Mixed Platforms.ActiveCfg = Debug|Xbox 360
		{23AD10FA-5FBA-4062-87BD-D3EA200DDE8E}.Debug|Mixed Platforms.Build.0 = Debug|Xbox 360
		{23AD10FA-5FBA-4062-87BD-D3EA200DDE8E}.Debug|Mixed Platforms.Deploy.0 = Debug|Xbox 360
		{23AD10FA-5FBA-4062-87BD-D3EA200DDE8E}.Debug|x86.ActiveCfg = Debug|Xbox 360
		{23AD10FA-5FBA-4062-87BD-D3EA200DDE8E}.Debug|Xbox 360.ActiveCfg = Debug|Xbox 360
		{23AD10FA-5FBA-4062-87BD-D3EA200DDE8E}.Debug|Xbox 360.Build.0 = Debug|Xbox 360
		{23AD10FA-5FBA-4062-87BD-D3EA200DDE8E}.Debug|Xbox 360.Deploy.0 = Debug|Xbox 360
		{23AD10FA-5FBA-4062-87BD-D3EA200DDE8E}.Release|Mixed Platforms.ActiveCfg = Release|Xbox 360
		{23AD10FA-5FBA-4062-87BD-D3EA200DDE8E}.Release|Mixed Platforms.Build.0 = Release|Xbox 360
		{23AD10FA-5FBA-4062-87BD-D3EA200DDE8E}.Release|Mixed Platforms.Deploy.0 = Release|Xbox 360
		{23AD10FA-5FBA-4062-87BD-D3EA200DDE8E}.Release|x86.ActiveCfg = Release|Xbox 360
		{23AD10FA-5FBA-4062-87BD-D3EA200DDE8E}.Release|Xbox 360.ActiveCfg = Release|Xbox 360
		{23AD10FA-5FBA-4062-87BD-D3EA200DDE8E}.Release|Xbox 360.Build.0 = Release|Xbox 360
		{23AD10FA-5FBA-4062-87BD-D3EA200DDE8E}.Release|Xbox 360.Deploy.0 = Release|Xbox 360
		{FCB54DD5-4D52-43B9-8416-9CED5F8F1C18}.Debug|Mixed Platforms.ActiveCfg = Debug|x86
		{FCB54DD5-4D52-43B9-8416-9CED5F8F1C18}.Debug|x86.ActiveCfg = Debug|x86
		{FCB54DD5-4D52-43B9-8416-9CED5F8F1C18}.Debug|Xbox 360.ActiveCfg = Debug|x86
		{FCB54DD5-4D52-43B9-8416-9CED5F8F1C18}.Release|Mixed Platforms.ActiveCfg = Release|x86
		{FCB54DD5-4D52-43B9-8416-9CED5F8F1C18}.Release|x86.ActiveCfg = Release|x86
		{FCB54DD5-4D52-43B9-8416-9CED5F8F1C18}.Release|Xbox 360.ActiveCfg = Release|x86
		{86A66BDD-7619-4499-BA6E-8B49D40CE1EF}.Debug|Mixed Platforms.ActiveCfg = Debug|x86
		{86A66BDD-7619-4499-BA6E-8B49D40CE1EF}.Debug|x86.ActiveCfg = Debug|x86
		{86A66BDD-7619-4499-BA6E-8B49D40CE1EF}.Debug|Xbox 360.ActiveCfg = Debug|x86
		{86A66BDD-7619-4499-BA6E-8B49D40CE1EF}.Release|Mixed Platforms.ActiveCfg = Release|x86
		{86A66BDD-7619-4499-BA6E-8B49D40CE1EF}.Release|x86.ActiveCfg = Release|x86
		{86A66BDD-7619-4499-BA6E-8B49D40CE1EF}.Release|Xbox 360.ActiveCfg = Release|x86
	EndGlobalSection
	GlobalSection(SolutionProperties) = preSolution
		HideSolutionNode = FALSE
	EndGlobalSection
EndGlobal
