
Microsoft Visual Studio Solution File, Format Version 10.00
# Visual Studio 2008
Project("{FAE04EC0-301F-11D3-BF4B-00C04F79EFBC}") = "SimpleGame", "SimpleGame\SimpleGame.csproj", "{1D9CC385-1061-4D43-9544-021463D56F6E}"
EndProject
Project("{FAE04EC0-301F-11D3-BF4B-00C04F79EFBC}") = "XELibrary", "..\XELibrary\XELibrary.csproj", "{70692F15-291E-4F6E-89B0-582F23EFDA69}"
EndProject
Project("{FAE04EC0-301F-11D3-BF4B-00C04F79EFBC}") = "XELibrary_Xbox360", "..\XELibrary\XELibrary_Xbox360.csproj", "{9DE7D566-5185-400D-A0B0-E7D60F26E86E}"
EndProject
Project("{FAE04EC0-301F-11D3-BF4B-00C04F79EFBC}") = "SimpleGame_Xbox360", "SimpleGame\SimpleGame_Xbox360.csproj", "{2FDEC512-C1A6-408F-9B1C-31B18C4AF25D}"
EndProject
Project("{FAE04EC0-301F-11D3-BF4B-00C04F79EFBC}") = "XELibrary_Zune", "..\XELibrary\XELibrary_Zune.csproj", "{22D6147E-CC31-419D-ACC0-A8BCFF6EC14A}"
EndProject
Project("{FAE04EC0-301F-11D3-BF4B-00C04F79EFBC}") = "SimpleGame_Zune", "SimpleGame\SimpleGame_Zune.csproj", "{B5547B04-4F5E-4C33-88AA-3A6C3825AB12}"
EndProject
Global
	GlobalSection(SolutionConfigurationPlatforms) = preSolution
		Debug|Mixed Platforms = Debug|Mixed Platforms
		Debug|x86 = Debug|x86
		Debug|Xbox 360 = Debug|Xbox 360
		Debug|Zune = Debug|Zune
		Release|Mixed Platforms = Release|Mixed Platforms
		Release|x86 = Release|x86
		Release|Xbox 360 = Release|Xbox 360
		Release|Zune = Release|Zune
	EndGlobalSection
	GlobalSection(ProjectConfigurationPlatforms) = postSolution
		{1D9CC385-1061-4D43-9544-021463D56F6E}.Debug|Mixed Platforms.ActiveCfg = Debug|x86
		{1D9CC385-1061-4D43-9544-021463D56F6E}.Debug|Mixed Platforms.Build.0 = Debug|x86
		{1D9CC385-1061-4D43-9544-021463D56F6E}.Debug|x86.ActiveCfg = Debug|x86
		{1D9CC385-1061-4D43-9544-021463D56F6E}.Debug|x86.Build.0 = Debug|x86
		{1D9CC385-1061-4D43-9544-021463D56F6E}.Debug|Xbox 360.ActiveCfg = Debug|x86
		{1D9CC385-1061-4D43-9544-021463D56F6E}.Debug|Zune.ActiveCfg = Debug|x86
		{1D9CC385-1061-4D43-9544-021463D56F6E}.Release|Mixed Platforms.ActiveCfg = Release|x86
		{1D9CC385-1061-4D43-9544-021463D56F6E}.Release|Mixed Platforms.Build.0 = Release|x86
		{1D9CC385-1061-4D43-9544-021463D56F6E}.Release|x86.ActiveCfg = Release|x86
		{1D9CC385-1061-4D43-9544-021463D56F6E}.Release|x86.Build.0 = Release|x86
		{1D9CC385-1061-4D43-9544-021463D56F6E}.Release|Xbox 360.ActiveCfg = Release|x86
		{1D9CC385-1061-4D43-9544-021463D56F6E}.Release|Zune.ActiveCfg = Release|x86
		{70692F15-291E-4F6E-89B0-582F23EFDA69}.Debug|Mixed Platforms.ActiveCfg = Debug|x86
		{70692F15-291E-4F6E-89B0-582F23EFDA69}.Debug|Mixed Platforms.Build.0 = Debug|x86
		{70692F15-291E-4F6E-89B0-582F23EFDA69}.Debug|x86.ActiveCfg = Debug|x86
		{70692F15-291E-4F6E-89B0-582F23EFDA69}.Debug|x86.Build.0 = Debug|x86
		{70692F15-291E-4F6E-89B0-582F23EFDA69}.Debug|Xbox 360.ActiveCfg = Debug|x86
		{70692F15-291E-4F6E-89B0-582F23EFDA69}.Debug|Zune.ActiveCfg = Debug|x86
		{70692F15-291E-4F6E-89B0-582F23EFDA69}.Release|Mixed Platforms.ActiveCfg = Release|x86
		{70692F15-291E-4F6E-89B0-582F23EFDA69}.Release|Mixed Platforms.Build.0 = Release|x86
		{70692F15-291E-4F6E-89B0-582F23EFDA69}.Release|x86.ActiveCfg = Release|x86
		{70692F15-291E-4F6E-89B0-582F23EFDA69}.Release|x86.Build.0 = Release|x86
		{70692F15-291E-4F6E-89B0-582F23EFDA69}.Release|Xbox 360.ActiveCfg = Release|x86
		{70692F15-291E-4F6E-89B0-582F23EFDA69}.Release|Zune.ActiveCfg = Release|x86
		{9DE7D566-5185-400D-A0B0-E7D60F26E86E}.Debug|Mixed Platforms.ActiveCfg = Debug|Xbox 360
		{9DE7D566-5185-400D-A0B0-E7D60F26E86E}.Debug|Mixed Platforms.Build.0 = Debug|Xbox 360
		{9DE7D566-5185-400D-A0B0-E7D60F26E86E}.Debug|x86.ActiveCfg = Debug|Xbox 360
		{9DE7D566-5185-400D-A0B0-E7D60F26E86E}.Debug|Xbox 360.ActiveCfg = Debug|Xbox 360
		{9DE7D566-5185-400D-A0B0-E7D60F26E86E}.Debug|Xbox 360.Build.0 = Debug|Xbox 360
		{9DE7D566-5185-400D-A0B0-E7D60F26E86E}.Debug|Zune.ActiveCfg = Debug|Xbox 360
		{9DE7D566-5185-400D-A0B0-E7D60F26E86E}.Release|Mixed Platforms.ActiveCfg = Release|Xbox 360
		{9DE7D566-5185-400D-A0B0-E7D60F26E86E}.Release|Mixed Platforms.Build.0 = Release|Xbox 360
		{9DE7D566-5185-400D-A0B0-E7D60F26E86E}.Release|x86.ActiveCfg = Release|Xbox 360
		{9DE7D566-5185-400D-A0B0-E7D60F26E86E}.Release|Xbox 360.ActiveCfg = Release|Xbox 360
		{9DE7D566-5185-400D-A0B0-E7D60F26E86E}.Release|Xbox 360.Build.0 = Release|Xbox 360
		{9DE7D566-5185-400D-A0B0-E7D60F26E86E}.Release|Zune.ActiveCfg = Release|Xbox 360
		{2FDEC512-C1A6-408F-9B1C-31B18C4AF25D}.Debug|Mixed Platforms.ActiveCfg = Debug|Xbox 360
		{2FDEC512-C1A6-408F-9B1C-31B18C4AF25D}.Debug|Mixed Platforms.Build.0 = Debug|Xbox 360
		{2FDEC512-C1A6-408F-9B1C-31B18C4AF25D}.Debug|Mixed Platforms.Deploy.0 = Debug|Xbox 360
		{2FDEC512-C1A6-408F-9B1C-31B18C4AF25D}.Debug|x86.ActiveCfg = Debug|Xbox 360
		{2FDEC512-C1A6-408F-9B1C-31B18C4AF25D}.Debug|Xbox 360.ActiveCfg = Debug|Xbox 360
		{2FDEC512-C1A6-408F-9B1C-31B18C4AF25D}.Debug|Xbox 360.Build.0 = Debug|Xbox 360
		{2FDEC512-C1A6-408F-9B1C-31B18C4AF25D}.Debug|Xbox 360.Deploy.0 = Debug|Xbox 360
		{2FDEC512-C1A6-408F-9B1C-31B18C4AF25D}.Debug|Zune.ActiveCfg = Debug|Xbox 360
		{2FDEC512-C1A6-408F-9B1C-31B18C4AF25D}.Release|Mixed Platforms.ActiveCfg = Release|Xbox 360
		{2FDEC512-C1A6-408F-9B1C-31B18C4AF25D}.Release|Mixed Platforms.Build.0 = Release|Xbox 360
		{2FDEC512-C1A6-408F-9B1C-31B18C4AF25D}.Release|Mixed Platforms.Deploy.0 = Release|Xbox 360
		{2FDEC512-C1A6-408F-9B1C-31B18C4AF25D}.Release|x86.ActiveCfg = Release|Xbox 360
		{2FDEC512-C1A6-408F-9B1C-31B18C4AF25D}.Release|Xbox 360.ActiveCfg = Release|Xbox 360
		{2FDEC512-C1A6-408F-9B1C-31B18C4AF25D}.Release|Xbox 360.Build.0 = Release|Xbox 360
		{2FDEC512-C1A6-408F-9B1C-31B18C4AF25D}.Release|Xbox 360.Deploy.0 = Release|Xbox 360
		{2FDEC512-C1A6-408F-9B1C-31B18C4AF25D}.Release|Zune.ActiveCfg = Release|Xbox 360
		{22D6147E-CC31-419D-ACC0-A8BCFF6EC14A}.Debug|Mixed Platforms.ActiveCfg = Debug|Zune
		{22D6147E-CC31-419D-ACC0-A8BCFF6EC14A}.Debug|Mixed Platforms.Build.0 = Debug|Zune
		{22D6147E-CC31-419D-ACC0-A8BCFF6EC14A}.Debug|x86.ActiveCfg = Debug|Zune
		{22D6147E-CC31-419D-ACC0-A8BCFF6EC14A}.Debug|Xbox 360.ActiveCfg = Debug|Zune
		{22D6147E-CC31-419D-ACC0-A8BCFF6EC14A}.Debug|Zune.ActiveCfg = Debug|Zune
		{22D6147E-CC31-419D-ACC0-A8BCFF6EC14A}.Debug|Zune.Build.0 = Debug|Zune
		{22D6147E-CC31-419D-ACC0-A8BCFF6EC14A}.Release|Mixed Platforms.ActiveCfg = Release|Zune
		{22D6147E-CC31-419D-ACC0-A8BCFF6EC14A}.Release|Mixed Platforms.Build.0 = Release|Zune
		{22D6147E-CC31-419D-ACC0-A8BCFF6EC14A}.Release|x86.ActiveCfg = Release|Zune
		{22D6147E-CC31-419D-ACC0-A8BCFF6EC14A}.Release|Xbox 360.ActiveCfg = Release|Zune
		{22D6147E-CC31-419D-ACC0-A8BCFF6EC14A}.Release|Zune.ActiveCfg = Release|Zune
		{22D6147E-CC31-419D-ACC0-A8BCFF6EC14A}.Release|Zune.Build.0 = Release|Zune
		{B5547B04-4F5E-4C33-88AA-3A6C3825AB12}.Debug|Mixed Platforms.ActiveCfg = Debug|Zune
		{B5547B04-4F5E-4C33-88AA-3A6C3825AB12}.Debug|Mixed Platforms.Build.0 = Debug|Zune
		{B5547B04-4F5E-4C33-88AA-3A6C3825AB12}.Debug|Mixed Platforms.Deploy.0 = Debug|Zune
		{B5547B04-4F5E-4C33-88AA-3A6C3825AB12}.Debug|x86.ActiveCfg = Debug|Zune
		{B5547B04-4F5E-4C33-88AA-3A6C3825AB12}.Debug|Xbox 360.ActiveCfg = Debug|Zune
		{B5547B04-4F5E-4C33-88AA-3A6C3825AB12}.Debug|Zune.ActiveCfg = Debug|Zune
		{B5547B04-4F5E-4C33-88AA-3A6C3825AB12}.Debug|Zune.Build.0 = Debug|Zune
		{B5547B04-4F5E-4C33-88AA-3A6C3825AB12}.Debug|Zune.Deploy.0 = Debug|Zune
		{B5547B04-4F5E-4C33-88AA-3A6C3825AB12}.Release|Mixed Platforms.ActiveCfg = Release|Zune
		{B5547B04-4F5E-4C33-88AA-3A6C3825AB12}.Release|Mixed Platforms.Build.0 = Release|Zune
		{B5547B04-4F5E-4C33-88AA-3A6C3825AB12}.Release|Mixed Platforms.Deploy.0 = Release|Zune
		{B5547B04-4F5E-4C33-88AA-3A6C3825AB12}.Release|x86.ActiveCfg = Release|Zune
		{B5547B04-4F5E-4C33-88AA-3A6C3825AB12}.Release|Xbox 360.ActiveCfg = Release|Zune
		{B5547B04-4F5E-4C33-88AA-3A6C3825AB12}.Release|Zune.ActiveCfg = Release|Zune
		{B5547B04-4F5E-4C33-88AA-3A6C3825AB12}.Release|Zune.Build.0 = Release|Zune
		{B5547B04-4F5E-4C33-88AA-3A6C3825AB12}.Release|Zune.Deploy.0 = Release|Zune
		{0F32C841-BB91-4DD6-9113-AF093151C445}.Debug|Mixed Platforms.ActiveCfg = Debug|x86
		{0F32C841-BB91-4DD6-9113-AF093151C445}.Debug|x86.ActiveCfg = Debug|x86
		{0F32C841-BB91-4DD6-9113-AF093151C445}.Debug|Xbox 360.ActiveCfg = Debug|x86
		{0F32C841-BB91-4DD6-9113-AF093151C445}.Debug|Zune.ActiveCfg = Debug|x86
		{0F32C841-BB91-4DD6-9113-AF093151C445}.Release|Mixed Platforms.ActiveCfg = Release|x86
		{0F32C841-BB91-4DD6-9113-AF093151C445}.Release|x86.ActiveCfg = Release|x86
		{0F32C841-BB91-4DD6-9113-AF093151C445}.Release|Xbox 360.ActiveCfg = Release|x86
		{0F32C841-BB91-4DD6-9113-AF093151C445}.Release|Zune.ActiveCfg = Release|x86
		{86A66BDD-7619-4499-BA6E-8B49D40CE1EF}.Debug|Mixed Platforms.ActiveCfg = Debug|x86
		{86A66BDD-7619-4499-BA6E-8B49D40CE1EF}.Debug|x86.ActiveCfg = Debug|x86
		{86A66BDD-7619-4499-BA6E-8B49D40CE1EF}.Debug|Xbox 360.ActiveCfg = Debug|x86
		{86A66BDD-7619-4499-BA6E-8B49D40CE1EF}.Debug|Zune.ActiveCfg = Debug|x86
		{86A66BDD-7619-4499-BA6E-8B49D40CE1EF}.Release|Mixed Platforms.ActiveCfg = Release|x86
		{86A66BDD-7619-4499-BA6E-8B49D40CE1EF}.Release|x86.ActiveCfg = Release|x86
		{86A66BDD-7619-4499-BA6E-8B49D40CE1EF}.Release|Xbox 360.ActiveCfg = Release|x86
		{86A66BDD-7619-4499-BA6E-8B49D40CE1EF}.Release|Zune.ActiveCfg = Release|x86
		{0A414276-C43D-4BFB-AF6A-118A336BCC63}.Debug|Mixed Platforms.ActiveCfg = Debug|Zune
		{0A414276-C43D-4BFB-AF6A-118A336BCC63}.Debug|x86.ActiveCfg = Debug|Zune
		{0A414276-C43D-4BFB-AF6A-118A336BCC63}.Debug|Xbox 360.ActiveCfg = Debug|Zune
		{0A414276-C43D-4BFB-AF6A-118A336BCC63}.Debug|Zune.ActiveCfg = Debug|Zune
		{0A414276-C43D-4BFB-AF6A-118A336BCC63}.Release|Mixed Platforms.ActiveCfg = Release|Zune
		{0A414276-C43D-4BFB-AF6A-118A336BCC63}.Release|x86.ActiveCfg = Release|Zune
		{0A414276-C43D-4BFB-AF6A-118A336BCC63}.Release|Xbox 360.ActiveCfg = Release|Zune
		{0A414276-C43D-4BFB-AF6A-118A336BCC63}.Release|Zune.ActiveCfg = Release|Zune
	EndGlobalSection
	GlobalSection(SolutionProperties) = preSolution
		HideSolutionNode = FALSE
	EndGlobalSection
EndGlobal
